{
  "name": "HTTP API Extension",
  "version": "1.0.0",
  "lockfileVersion": 3,
  "requires": true,
  "packages": {
    "": {
      "name": "HTTP API Extension",
      "version": "1.0.0",
      "license": "MIT",
      "devDependencies": {
        "@sigma-file-manager/api": "file:./vendor/sigma-file-manager-api-1.10.0.tgz",
        "typescript": "~5.8.0"
      },
      "engines": {
        "extensionApi": ">=1.10.0",
        "sigmaFileManager": ">=2.0.0"
      }
    },
    "node_modules/@sigma-file-manager/api": {
      "version": "1.10.0",
      "resolved": "file:vendor/sigma-file-manager-api-1.10.0.tgz",
      "integrity": "sha512-rCJF3yA2Ew3rQoT5HwuvuUK9GPsjcOG5Ex5liHlMc1Qp7u3S8vAg0WvDUV4Bsnloa/XJEWy21iMrLnAc1zMwIw==",
      "dev": true,
      "license": "GPL-3.0-or-later"
    },
    "node_modules/typescript": {
      "version": "5.8.3",
      "resolved": "https://registry.npmjs.org/typescript/-/typescript-5.8.3.tgz",
      "integrity": "sha512-p1diW6TqL9L07nNxvRMM7hMMw4c5XOo/1ibL4aAIGmSAt9slTE1Xgw5KWuof2uTOvCg9BY7ZRi+GaF+7sfgPeQ==",
      "dev": true,
      "license": "Apache-2.0",
      "bin": {
        "tsc": "bin/tsc",
        "tsserver": "bin/tsserver"
      },
      "engines": {
        "node": ">=14.17"
      }
    }
  }
}
